// !$*UTF8*$!
{
	archiveVersion = 1;
	classes = {
	};
	objectVersion = 50;
	objects = {

/* Begin PBXBuildFile section */
		3062A1682664468D00D13B1E /* Localize.swift in Sources */ = {isa = PBXBuildFile; fileRef = 3062A1672664468D00D13B1E /* Localize.swift */; };
		3062A16B2664475000D13B1E /* Localizable.strings in Resources */ = {isa = PBXBuildFile; fileRef = 3062A16D2664475000D13B1E /* Localizable.strings */; };
		3062A171266448B100D13B1E /* JSONLoader.swift in Sources */ = {isa = PBXBuildFile; fileRef = 307CA007265BD0E100CB111A /* JSONLoader.swift */; };
		3062A173266448DA00D13B1E /* JSONLoader+App.swift in Sources */ = {isa = PBXBuildFile; fileRef = 3062A172266448DA00D13B1E /* JSONLoader+App.swift */; };
		3062A1762664490B00D13B1E /* SampleLaunches_PopulatedRockets_v4.json in Resources */ = {isa = PBXBuildFile; fileRef = 3062A1752664490B00D13B1E /* SampleLaunches_PopulatedRockets_v4.json */; };
		3062A1772664492500D13B1E /* TestCompanyInfo_v4.json in Resources */ = {isa = PBXBuildFile; fileRef = 307C9FFE265BD07900CB111A /* TestCompanyInfo_v4.json */; };
		3062A17A26644A2A00D13B1E /* MainViewController+ViewModel.swift in Sources */ = {isa = PBXBuildFile; fileRef = 3062A17926644A2A00D13B1E /* MainViewController+ViewModel.swift */; };
		3062A17D26644A9100D13B1E /* ListViewModelType.swift in Sources */ = {isa = PBXBuildFile; fileRef = 3062A17C26644A9100D13B1E /* ListViewModelType.swift */; };
		3062A18026644AED00D13B1E /* ListSection.swift in Sources */ = {isa = PBXBuildFile; fileRef = 3062A17F26644AED00D13B1E /* ListSection.swift */; };
		3062A18226644B0900D13B1E /* ListItem.swift in Sources */ = {isa = PBXBuildFile; fileRef = 3062A18126644B0900D13B1E /* ListItem.swift */; };
		3062A18526644CBA00D13B1E /* CompanyCell.swift in Sources */ = {isa = PBXBuildFile; fileRef = 3062A18426644CBA00D13B1E /* CompanyCell.swift */; };
		3062A18726644CE900D13B1E /* LaunchCell.swift in Sources */ = {isa = PBXBuildFile; fileRef = 3062A18626644CE900D13B1E /* LaunchCell.swift */; };
		3062A18A26644D2100D13B1E /* UIView+Constrainable.swift in Sources */ = {isa = PBXBuildFile; fileRef = 3062A18926644D2100D13B1E /* UIView+Constrainable.swift */; };
		3062A18C26644D6100D13B1E /* UILabel+Localization.swift in Sources */ = {isa = PBXBuildFile; fileRef = 3062A18B26644D6100D13B1E /* UILabel+Localization.swift */; };
		3062A18E26644E1F00D13B1E /* UITableView+Dequeue.swift in Sources */ = {isa = PBXBuildFile; fileRef = 3062A18D26644E1F00D13B1E /* UITableView+Dequeue.swift */; };
		3062A192266452A100D13B1E /* RuntimeService.swift in Sources */ = {isa = PBXBuildFile; fileRef = 3062A191266452A100D13B1E /* RuntimeService.swift */; };
		3062A194266455E600D13B1E /* BaseUITestCase.swift in Sources */ = {isa = PBXBuildFile; fileRef = 3062A193266455E600D13B1E /* BaseUITestCase.swift */; };
		307C9FBB265BCBDC00CB111A /* AppDelegate.swift in Sources */ = {isa = PBXBuildFile; fileRef = 307C9FBA265BCBDC00CB111A /* AppDelegate.swift */; };
		307C9FBD265BCBDC00CB111A /* SceneDelegate.swift in Sources */ = {isa = PBXBuildFile; fileRef = 307C9FBC265BCBDC00CB111A /* SceneDelegate.swift */; };
		307C9FBF265BCBDC00CB111A /* MainViewController.swift in Sources */ = {isa = PBXBuildFile; fileRef = 307C9FBE265BCBDC00CB111A /* MainViewController.swift */; };
		307C9FC4265BCBDD00CB111A /* Assets.xcassets in Resources */ = {isa = PBXBuildFile; fileRef = 307C9FC3265BCBDD00CB111A /* Assets.xcassets */; };
		307C9FC7265BCBDD00CB111A /* LaunchScreen.storyboard in Resources */ = {isa = PBXBuildFile; fileRef = 307C9FC5265BCBDD00CB111A /* LaunchScreen.storyboard */; };
		307C9FD2265BCBDD00CB111A /* SpaceX_TrackerTests.swift in Sources */ = {isa = PBXBuildFile; fileRef = 307C9FD1265BCBDD00CB111A /* SpaceX_TrackerTests.swift */; };
		307C9FDD265BCBDD00CB111A /* MainViewControllerTests.swift in Sources */ = {isa = PBXBuildFile; fileRef = 307C9FDC265BCBDD00CB111A /* MainViewControllerTests.swift */; };
		307C9FEF265BCE9E00CB111A /* Company.swift in Sources */ = {isa = PBXBuildFile; fileRef = 307C9FEE265BCE9E00CB111A /* Company.swift */; };
		307C9FF1265BCEB400CB111A /* Launch.swift in Sources */ = {isa = PBXBuildFile; fileRef = 307C9FF0265BCEB400CB111A /* Launch.swift */; };
		307C9FF4265BCED900CB111A /* Links.swift in Sources */ = {isa = PBXBuildFile; fileRef = 307C9FF3265BCED900CB111A /* Links.swift */; };
		307C9FF6265BCEEC00CB111A /* Patch.swift in Sources */ = {isa = PBXBuildFile; fileRef = 307C9FF5265BCEEC00CB111A /* Patch.swift */; };
		307C9FF8265BCEFE00CB111A /* Rocket.swift in Sources */ = {isa = PBXBuildFile; fileRef = 307C9FF7265BCEFE00CB111A /* Rocket.swift */; };
		307CA000265BD07900CB111A /* TestLinks_v4.json in Resources */ = {isa = PBXBuildFile; fileRef = 307C9FFA265BD07800CB111A /* TestLinks_v4.json */; };
		307CA001265BD07900CB111A /* TestPatches_v4.json in Resources */ = {isa = PBXBuildFile; fileRef = 307C9FFB265BD07800CB111A /* TestPatches_v4.json */; };
		307CA002265BD07900CB111A /* TestRockets_v4.json in Resources */ = {isa = PBXBuildFile; fileRef = 307C9FFC265BD07800CB111A /* TestRockets_v4.json */; };
		307CA003265BD07900CB111A /* TestLaunches_PopulatedRockets_v4.json in Resources */ = {isa = PBXBuildFile; fileRef = 307C9FFD265BD07900CB111A /* TestLaunches_PopulatedRockets_v4.json */; };
		307CA004265BD07900CB111A /* TestCompanyInfo_v4.json in Resources */ = {isa = PBXBuildFile; fileRef = 307C9FFE265BD07900CB111A /* TestCompanyInfo_v4.json */; };
		307CA005265BD07900CB111A /* TestLaunches_PopulatedRockets_v4_long.json in Resources */ = {isa = PBXBuildFile; fileRef = 307C9FFF265BD07900CB111A /* TestLaunches_PopulatedRockets_v4_long.json */; };
		307CA008265BD0E100CB111A /* JSONLoader.swift in Sources */ = {isa = PBXBuildFile; fileRef = 307CA007265BD0E100CB111A /* JSONLoader.swift */; };
		307CA00A265BD12400CB111A /* JSONLoader+TestData.swift in Sources */ = {isa = PBXBuildFile; fileRef = 307CA009265BD12400CB111A /* JSONLoader+TestData.swift */; };
		307CA00D265BD17E00CB111A /* RocketTests.swift in Sources */ = {isa = PBXBuildFile; fileRef = 307CA00C265BD17E00CB111A /* RocketTests.swift */; };
		307CA00F265BD1B800CB111A /* PatchTests.swift in Sources */ = {isa = PBXBuildFile; fileRef = 307CA00E265BD1B800CB111A /* PatchTests.swift */; };
		307CA011265BD20C00CB111A /* LinksTests.swift in Sources */ = {isa = PBXBuildFile; fileRef = 307CA010265BD20C00CB111A /* LinksTests.swift */; };
		307CA013265BD24C00CB111A /* LaunchTests.swift in Sources */ = {isa = PBXBuildFile; fileRef = 307CA012265BD24C00CB111A /* LaunchTests.swift */; };
		307CA015265BD29D00CB111A /* CompanyTests.swift in Sources */ = {isa = PBXBuildFile; fileRef = 307CA014265BD29D00CB111A /* CompanyTests.swift */; };
/* End PBXBuildFile section */

/* Begin PBXContainerItemProxy section */
		307C9FCE265BCBDD00CB111A /* PBXContainerItemProxy */ = {
			isa = PBXContainerItemProxy;
			containerPortal = 307C9FAF265BCBDC00CB111A /* Project object */;
			proxyType = 1;
			remoteGlobalIDString = 307C9FB6265BCBDC00CB111A;
			remoteInfo = SpaceX_Tracker;
		};
		307C9FD9265BCBDD00CB111A /* PBXContainerItemProxy */ = {
			isa = PBXContainerItemProxy;
			containerPortal = 307C9FAF265BCBDC00CB111A /* Project object */;
			proxyType = 1;
			remoteGlobalIDString = 307C9FB6265BCBDC00CB111A;
			remoteInfo = SpaceX_Tracker;
		};
/* End PBXContainerItemProxy section */

/* Begin PBXFileReference section */
		3062A1672664468D00D13B1E /* Localize.swift */ = {isa = PBXFileReference; lastKnownFileType = sourcecode.swift; path = Localize.swift; sourceTree = "<group>"; };
		3062A1702664480B00D13B1E /* en-GB */ = {isa = PBXFileReference; lastKnownFileType = file.storyboard; name = "en-GB"; path = "en-GB.lproj/LaunchScreen.storyboard"; sourceTree = "<group>"; };
		3062A172266448DA00D13B1E /* JSONLoader+App.swift */ = {isa = PBXFileReference; lastKnownFileType = sourcecode.swift; path = "JSONLoader+App.swift"; sourceTree = "<group>"; };
		3062A1752664490B00D13B1E /* SampleLaunches_PopulatedRockets_v4.json */ = {isa = PBXFileReference; fileEncoding = 4; lastKnownFileType = text.json; path = SampleLaunches_PopulatedRockets_v4.json; sourceTree = "<group>"; };
		3062A17926644A2A00D13B1E /* MainViewController+ViewModel.swift */ = {isa = PBXFileReference; lastKnownFileType = sourcecode.swift; path = "MainViewController+ViewModel.swift"; sourceTree = "<group>"; };
		3062A17C26644A9100D13B1E /* ListViewModelType.swift */ = {isa = PBXFileReference; lastKnownFileType = sourcecode.swift; path = ListViewModelType.swift; sourceTree = "<group>"; };
		3062A17F26644AED00D13B1E /* ListSection.swift */ = {isa = PBXFileReference; lastKnownFileType = sourcecode.swift; path = ListSection.swift; sourceTree = "<group>"; };
		3062A18126644B0900D13B1E /* ListItem.swift */ = {isa = PBXFileReference; lastKnownFileType = sourcecode.swift; path = ListItem.swift; sourceTree = "<group>"; };
		3062A18426644CBA00D13B1E /* CompanyCell.swift */ = {isa = PBXFileReference; lastKnownFileType = sourcecode.swift; path = CompanyCell.swift; sourceTree = "<group>"; };
		3062A18626644CE900D13B1E /* LaunchCell.swift */ = {isa = PBXFileReference; lastKnownFileType = sourcecode.swift; path = LaunchCell.swift; sourceTree = "<group>"; };
		3062A18926644D2100D13B1E /* UIView+Constrainable.swift */ = {isa = PBXFileReference; lastKnownFileType = sourcecode.swift; path = "UIView+Constrainable.swift"; sourceTree = "<group>"; };
		3062A18B26644D6100D13B1E /* UILabel+Localization.swift */ = {isa = PBXFileReference; lastKnownFileType = sourcecode.swift; path = "UILabel+Localization.swift"; sourceTree = "<group>"; };
		3062A18D26644E1F00D13B1E /* UITableView+Dequeue.swift */ = {isa = PBXFileReference; lastKnownFileType = sourcecode.swift; path = "UITableView+Dequeue.swift"; sourceTree = "<group>"; };
		3062A18F26644E8900D13B1E /* en */ = {isa = PBXFileReference; lastKnownFileType = text.plist.strings; name = en; path = en.lproj/Localizable.strings; sourceTree = "<group>"; };
		3062A1902664505D00D13B1E /* en-GB */ = {isa = PBXFileReference; lastKnownFileType = text.plist.strings; name = "en-GB"; path = "en-GB.lproj/Localizable.strings"; sourceTree = "<group>"; };
		3062A191266452A100D13B1E /* RuntimeService.swift */ = {isa = PBXFileReference; lastKnownFileType = sourcecode.swift; path = RuntimeService.swift; sourceTree = "<group>"; };
		3062A193266455E600D13B1E /* BaseUITestCase.swift */ = {isa = PBXFileReference; lastKnownFileType = sourcecode.swift; path = BaseUITestCase.swift; sourceTree = "<group>"; };
		307C9FB7265BCBDC00CB111A /* SpaceX_Tracker.app */ = {isa = PBXFileReference; explicitFileType = wrapper.application; includeInIndex = 0; path = SpaceX_Tracker.app; sourceTree = BUILT_PRODUCTS_DIR; };
		307C9FBA265BCBDC00CB111A /* AppDelegate.swift */ = {isa = PBXFileReference; lastKnownFileType = sourcecode.swift; path = AppDelegate.swift; sourceTree = "<group>"; };
		307C9FBC265BCBDC00CB111A /* SceneDelegate.swift */ = {isa = PBXFileReference; lastKnownFileType = sourcecode.swift; path = SceneDelegate.swift; sourceTree = "<group>"; };
		307C9FBE265BCBDC00CB111A /* MainViewController.swift */ = {isa = PBXFileReference; lastKnownFileType = sourcecode.swift; path = MainViewController.swift; sourceTree = "<group>"; };
		307C9FC3265BCBDD00CB111A /* Assets.xcassets */ = {isa = PBXFileReference; lastKnownFileType = folder.assetcatalog; path = Assets.xcassets; sourceTree = "<group>"; };
		307C9FC8265BCBDD00CB111A /* Info.plist */ = {isa = PBXFileReference; lastKnownFileType = text.plist.xml; path = Info.plist; sourceTree = "<group>"; };
		307C9FCD265BCBDD00CB111A /* SpaceX_TrackerTests.xctest */ = {isa = PBXFileReference; explicitFileType = wrapper.cfbundle; includeInIndex = 0; path = SpaceX_TrackerTests.xctest; sourceTree = BUILT_PRODUCTS_DIR; };
		307C9FD1265BCBDD00CB111A /* SpaceX_TrackerTests.swift */ = {isa = PBXFileReference; lastKnownFileType = sourcecode.swift; path = SpaceX_TrackerTests.swift; sourceTree = "<group>"; };
		307C9FD3265BCBDD00CB111A /* Info.plist */ = {isa = PBXFileReference; lastKnownFileType = text.plist.xml; path = Info.plist; sourceTree = "<group>"; };
		307C9FD8265BCBDD00CB111A /* SpaceX_TrackerUITests.xctest */ = {isa = PBXFileReference; explicitFileType = wrapper.cfbundle; includeInIndex = 0; path = SpaceX_TrackerUITests.xctest; sourceTree = BUILT_PRODUCTS_DIR; };
		307C9FDC265BCBDD00CB111A /* MainViewControllerTests.swift */ = {isa = PBXFileReference; lastKnownFileType = sourcecode.swift; path = MainViewControllerTests.swift; sourceTree = "<group>"; };
		307C9FDE265BCBDD00CB111A /* Info.plist */ = {isa = PBXFileReference; lastKnownFileType = text.plist.xml; path = Info.plist; sourceTree = "<group>"; };
		307C9FEE265BCE9E00CB111A /* Company.swift */ = {isa = PBXFileReference; lastKnownFileType = sourcecode.swift; path = Company.swift; sourceTree = "<group>"; };
		307C9FF0265BCEB400CB111A /* Launch.swift */ = {isa = PBXFileReference; lastKnownFileType = sourcecode.swift; path = Launch.swift; sourceTree = "<group>"; };
		307C9FF3265BCED900CB111A /* Links.swift */ = {isa = PBXFileReference; lastKnownFileType = sourcecode.swift; path = Links.swift; sourceTree = "<group>"; };
		307C9FF5265BCEEC00CB111A /* Patch.swift */ = {isa = PBXFileReference; lastKnownFileType = sourcecode.swift; path = Patch.swift; sourceTree = "<group>"; };
		307C9FF7265BCEFE00CB111A /* Rocket.swift */ = {isa = PBXFileReference; lastKnownFileType = sourcecode.swift; path = Rocket.swift; sourceTree = "<group>"; };
		307C9FFA265BD07800CB111A /* TestLinks_v4.json */ = {isa = PBXFileReference; fileEncoding = 4; lastKnownFileType = text.json; path = TestLinks_v4.json; sourceTree = "<group>"; };
		307C9FFB265BD07800CB111A /* TestPatches_v4.json */ = {isa = PBXFileReference; fileEncoding = 4; lastKnownFileType = text.json; path = TestPatches_v4.json; sourceTree = "<group>"; };
		307C9FFC265BD07800CB111A /* TestRockets_v4.json */ = {isa = PBXFileReference; fileEncoding = 4; lastKnownFileType = text.json; path = TestRockets_v4.json; sourceTree = "<group>"; };
		307C9FFD265BD07900CB111A /* TestLaunches_PopulatedRockets_v4.json */ = {isa = PBXFileReference; fileEncoding = 4; lastKnownFileType = text.json; path = TestLaunches_PopulatedRockets_v4.json; sourceTree = "<group>"; };
		307C9FFE265BD07900CB111A /* TestCompanyInfo_v4.json */ = {isa = PBXFileReference; fileEncoding = 4; lastKnownFileType = text.json; path = TestCompanyInfo_v4.json; sourceTree = "<group>"; };
		307C9FFF265BD07900CB111A /* TestLaunches_PopulatedRockets_v4_long.json */ = {isa = PBXFileReference; fileEncoding = 4; lastKnownFileType = text.json; path = TestLaunches_PopulatedRockets_v4_long.json; sourceTree = "<group>"; };
		307CA007265BD0E100CB111A /* JSONLoader.swift */ = {isa = PBXFileReference; lastKnownFileType = sourcecode.swift; path = JSONLoader.swift; sourceTree = "<group>"; };
		307CA009265BD12400CB111A /* JSONLoader+TestData.swift */ = {isa = PBXFileReference; lastKnownFileType = sourcecode.swift; path = "JSONLoader+TestData.swift"; sourceTree = "<group>"; };
		307CA00C265BD17E00CB111A /* RocketTests.swift */ = {isa = PBXFileReference; lastKnownFileType = sourcecode.swift; path = RocketTests.swift; sourceTree = "<group>"; };
		307CA00E265BD1B800CB111A /* PatchTests.swift */ = {isa = PBXFileReference; lastKnownFileType = sourcecode.swift; path = PatchTests.swift; sourceTree = "<group>"; };
		307CA010265BD20C00CB111A /* LinksTests.swift */ = {isa = PBXFileReference; lastKnownFileType = sourcecode.swift; path = LinksTests.swift; sourceTree = "<group>"; };
		307CA012265BD24C00CB111A /* LaunchTests.swift */ = {isa = PBXFileReference; lastKnownFileType = sourcecode.swift; path = LaunchTests.swift; sourceTree = "<group>"; };
		307CA014265BD29D00CB111A /* CompanyTests.swift */ = {isa = PBXFileReference; lastKnownFileType = sourcecode.swift; path = CompanyTests.swift; sourceTree = "<group>"; };
/* End PBXFileReference section */

/* Begin PBXFrameworksBuildPhase section */
		307C9FB4265BCBDC00CB111A /* Frameworks */ = {
			isa = PBXFrameworksBuildPhase;
			buildActionMask = 2147483647;
			files = (
			);
			runOnlyForDeploymentPostprocessing = 0;
		};
		307C9FCA265BCBDD00CB111A /* Frameworks */ = {
			isa = PBXFrameworksBuildPhase;
			buildActionMask = 2147483647;
			files = (
			);
			runOnlyForDeploymentPostprocessing = 0;
		};
		307C9FD5265BCBDD00CB111A /* Frameworks */ = {
			isa = PBXFrameworksBuildPhase;
			buildActionMask = 2147483647;
			files = (
			);
			runOnlyForDeploymentPostprocessing = 0;
		};
/* End PBXFrameworksBuildPhase section */

/* Begin PBXGroup section */
		3062A1662664466900D13B1E /* Localization */ = {
			isa = PBXGroup;
			children = (
				3062A1672664468D00D13B1E /* Localize.swift */,
				3062A16D2664475000D13B1E /* Localizable.strings */,
			);
			path = Localization;
			sourceTree = "<group>";
		};
		3062A174266448F800D13B1E /* Resources */ = {
			isa = PBXGroup;
			children = (
				3062A1752664490B00D13B1E /* SampleLaunches_PopulatedRockets_v4.json */,
			);
			path = Resources;
			sourceTree = "<group>";
		};
		3062A17826644A1300D13B1E /* ViewModel */ = {
			isa = PBXGroup;
			children = (
				3062A17B26644A7900D13B1E /* Protocol */,
				3062A17926644A2A00D13B1E /* MainViewController+ViewModel.swift */,
				3062A17F26644AED00D13B1E /* ListSection.swift */,
				3062A18126644B0900D13B1E /* ListItem.swift */,
			);
			path = ViewModel;
			sourceTree = "<group>";
		};
		3062A17B26644A7900D13B1E /* Protocol */ = {
			isa = PBXGroup;
			children = (
				3062A17C26644A9100D13B1E /* ListViewModelType.swift */,
			);
			path = Protocol;
			sourceTree = "<group>";
		};
		3062A18326644CA800D13B1E /* View */ = {
			isa = PBXGroup;
			children = (
				3062A18826644D0500D13B1E /* Extensions */,
				3062A18426644CBA00D13B1E /* CompanyCell.swift */,
				3062A18626644CE900D13B1E /* LaunchCell.swift */,
			);
			path = View;
			sourceTree = "<group>";
		};
		3062A18826644D0500D13B1E /* Extensions */ = {
			isa = PBXGroup;
			children = (
				3062A18926644D2100D13B1E /* UIView+Constrainable.swift */,
				3062A18B26644D6100D13B1E /* UILabel+Localization.swift */,
				3062A18D26644E1F00D13B1E /* UITableView+Dequeue.swift */,
			);
			path = Extensions;
			sourceTree = "<group>";
		};
		307C9FAE265BCBDC00CB111A = {
			isa = PBXGroup;
			children = (
				307C9FB9265BCBDC00CB111A /* SpaceX_Tracker */,
				307C9FD0265BCBDD00CB111A /* SpaceX_TrackerTests */,
				307C9FDB265BCBDD00CB111A /* SpaceX_TrackerUITests */,
				307C9FB8265BCBDC00CB111A /* Products */,
			);
			sourceTree = "<group>";
		};
		307C9FB8265BCBDC00CB111A /* Products */ = {
			isa = PBXGroup;
			children = (
				307C9FB7265BCBDC00CB111A /* SpaceX_Tracker.app */,
				307C9FCD265BCBDD00CB111A /* SpaceX_TrackerTests.xctest */,
				307C9FD8265BCBDD00CB111A /* SpaceX_TrackerUITests.xctest */,
			);
			name = Products;
			sourceTree = "<group>";
		};
		307C9FB9265BCBDC00CB111A /* SpaceX_Tracker */ = {
			isa = PBXGroup;
			children = (
				3062A18326644CA800D13B1E /* View */,
				3062A17826644A1300D13B1E /* ViewModel */,
				3062A174266448F800D13B1E /* Resources */,
				3062A1662664466900D13B1E /* Localization */,
				307C9FED265BCE6D00CB111A /* Model */,
				307C9FEC265BCDF300CB111A /* Delegate */,
				307C9FEB265BCDE400CB111A /* ViewController */,
				307C9FEA265BCD9100CB111A /* Support Files */,
			);
			path = SpaceX_Tracker;
			sourceTree = "<group>";
		};
		307C9FD0265BCBDD00CB111A /* SpaceX_TrackerTests */ = {
			isa = PBXGroup;
			children = (
				307CA00B265BD15500CB111A /* Model */,
				307CA006265BD0BF00CB111A /* Util */,
				307C9FF9265BD04B00CB111A /* Resources */,
				307C9FD1265BCBDD00CB111A /* SpaceX_TrackerTests.swift */,
				307C9FD3265BCBDD00CB111A /* Info.plist */,
			);
			path = SpaceX_TrackerTests;
			sourceTree = "<group>";
		};
		307C9FDB265BCBDD00CB111A /* SpaceX_TrackerUITests */ = {
			isa = PBXGroup;
			children = (
				307C9FDC265BCBDD00CB111A /* MainViewControllerTests.swift */,
				307C9FDE265BCBDD00CB111A /* Info.plist */,
				3062A193266455E600D13B1E /* BaseUITestCase.swift */,
			);
			path = SpaceX_TrackerUITests;
			sourceTree = "<group>";
		};
		307C9FEA265BCD9100CB111A /* Support Files */ = {
			isa = PBXGroup;
			children = (
				307C9FC3265BCBDD00CB111A /* Assets.xcassets */,
				307C9FC5265BCBDD00CB111A /* LaunchScreen.storyboard */,
				307C9FC8265BCBDD00CB111A /* Info.plist */,
				3062A191266452A100D13B1E /* RuntimeService.swift */,
			);
			path = "Support Files";
			sourceTree = "<group>";
		};
		307C9FEB265BCDE400CB111A /* ViewController */ = {
			isa = PBXGroup;
			children = (
				307C9FBE265BCBDC00CB111A /* MainViewController.swift */,
			);
			path = ViewController;
			sourceTree = "<group>";
		};
		307C9FEC265BCDF300CB111A /* Delegate */ = {
			isa = PBXGroup;
			children = (
				307C9FBA265BCBDC00CB111A /* AppDelegate.swift */,
				307C9FBC265BCBDC00CB111A /* SceneDelegate.swift */,
			);
			path = Delegate;
			sourceTree = "<group>";
		};
		307C9FED265BCE6D00CB111A /* Model */ = {
			isa = PBXGroup;
			children = (
				307C9FEE265BCE9E00CB111A /* Company.swift */,
				307C9FF0265BCEB400CB111A /* Launch.swift */,
				307C9FF3265BCED900CB111A /* Links.swift */,
				307C9FF5265BCEEC00CB111A /* Patch.swift */,
				307C9FF7265BCEFE00CB111A /* Rocket.swift */,
			);
			path = Model;
			sourceTree = "<group>";
		};
		307C9FF9265BD04B00CB111A /* Resources */ = {
			isa = PBXGroup;
			children = (
				307C9FFE265BD07900CB111A /* TestCompanyInfo_v4.json */,
				307C9FFF265BD07900CB111A /* TestLaunches_PopulatedRockets_v4_long.json */,
				307C9FFD265BD07900CB111A /* TestLaunches_PopulatedRockets_v4.json */,
				307C9FFA265BD07800CB111A /* TestLinks_v4.json */,
				307C9FFB265BD07800CB111A /* TestPatches_v4.json */,
				307C9FFC265BD07800CB111A /* TestRockets_v4.json */,
			);
			path = Resources;
			sourceTree = "<group>";
		};
		307CA006265BD0BF00CB111A /* Util */ = {
			isa = PBXGroup;
			children = (
				307CA007265BD0E100CB111A /* JSONLoader.swift */,
				307CA009265BD12400CB111A /* JSONLoader+TestData.swift */,
				3062A172266448DA00D13B1E /* JSONLoader+App.swift */,
			);
			path = Util;
			sourceTree = "<group>";
		};
		307CA00B265BD15500CB111A /* Model */ = {
			isa = PBXGroup;
			children = (
				307CA00C265BD17E00CB111A /* RocketTests.swift */,
				307CA00E265BD1B800CB111A /* PatchTests.swift */,
				307CA010265BD20C00CB111A /* LinksTests.swift */,
				307CA012265BD24C00CB111A /* LaunchTests.swift */,
				307CA014265BD29D00CB111A /* CompanyTests.swift */,
			);
			path = Model;
			sourceTree = "<group>";
		};
/* End PBXGroup section */

/* Begin PBXNativeTarget section */
		307C9FB6265BCBDC00CB111A /* SpaceX_Tracker */ = {
			isa = PBXNativeTarget;
			buildConfigurationList = 307C9FE1265BCBDD00CB111A /* Build configuration list for PBXNativeTarget "SpaceX_Tracker" */;
			buildPhases = (
				307C9FB3265BCBDC00CB111A /* Sources */,
				307C9FB4265BCBDC00CB111A /* Frameworks */,
				307C9FB5265BCBDC00CB111A /* Resources */,
			);
			buildRules = (
			);
			dependencies = (
			);
			name = SpaceX_Tracker;
			productName = SpaceX_Tracker;
			productReference = 307C9FB7265BCBDC00CB111A /* SpaceX_Tracker.app */;
			productType = "com.apple.product-type.application";
		};
		307C9FCC265BCBDD00CB111A /* SpaceX_TrackerTests */ = {
			isa = PBXNativeTarget;
			buildConfigurationList = 307C9FE4265BCBDD00CB111A /* Build configuration list for PBXNativeTarget "SpaceX_TrackerTests" */;
			buildPhases = (
				307C9FC9265BCBDD00CB111A /* Sources */,
				307C9FCA265BCBDD00CB111A /* Frameworks */,
				307C9FCB265BCBDD00CB111A /* Resources */,
			);
			buildRules = (
			);
			dependencies = (
				307C9FCF265BCBDD00CB111A /* PBXTargetDependency */,
			);
			name = SpaceX_TrackerTests;
			productName = SpaceX_TrackerTests;
			productReference = 307C9FCD265BCBDD00CB111A /* SpaceX_TrackerTests.xctest */;
			productType = "com.apple.product-type.bundle.unit-test";
		};
		307C9FD7265BCBDD00CB111A /* SpaceX_TrackerUITests */ = {
			isa = PBXNativeTarget;
			buildConfigurationList = 307C9FE7265BCBDD00CB111A /* Build configuration list for PBXNativeTarget "SpaceX_TrackerUITests" */;
			buildPhases = (
				307C9FD4265BCBDD00CB111A /* Sources */,
				307C9FD5265BCBDD00CB111A /* Frameworks */,
				307C9FD6265BCBDD00CB111A /* Resources */,
			);
			buildRules = (
			);
			dependencies = (
				307C9FDA265BCBDD00CB111A /* PBXTargetDependency */,
			);
			name = SpaceX_TrackerUITests;
			productName = SpaceX_TrackerUITests;
			productReference = 307C9FD8265BCBDD00CB111A /* SpaceX_TrackerUITests.xctest */;
			productType = "com.apple.product-type.bundle.ui-testing";
		};
/* End PBXNativeTarget section */

/* Begin PBXProject section */
		307C9FAF265BCBDC00CB111A /* Project object */ = {
			isa = PBXProject;
			attributes = {
				LastSwiftUpdateCheck = 1250;
				LastUpgradeCheck = 1250;
				TargetAttributes = {
					307C9FB6265BCBDC00CB111A = {
						CreatedOnToolsVersion = 12.5;
					};
					307C9FCC265BCBDD00CB111A = {
						CreatedOnToolsVersion = 12.5;
						TestTargetID = 307C9FB6265BCBDC00CB111A;
					};
					307C9FD7265BCBDD00CB111A = {
						CreatedOnToolsVersion = 12.5;
						TestTargetID = 307C9FB6265BCBDC00CB111A;
					};
				};
			};
			buildConfigurationList = 307C9FB2265BCBDC00CB111A /* Build configuration list for PBXProject "SpaceX_Tracker" */;
			compatibilityVersion = "Xcode 9.3";
			developmentRegion = en;
			hasScannedForEncodings = 0;
			knownRegions = (
				en,
				"en-GB",
			);
			mainGroup = 307C9FAE265BCBDC00CB111A;
			productRefGroup = 307C9FB8265BCBDC00CB111A /* Products */;
			projectDirPath = "";
			projectRoot = "";
			targets = (
				307C9FB6265BCBDC00CB111A /* SpaceX_Tracker */,
				307C9FCC265BCBDD00CB111A /* SpaceX_TrackerTests */,
				307C9FD7265BCBDD00CB111A /* SpaceX_TrackerUITests */,
			);
		};
/* End PBXProject section */

/* Begin PBXResourcesBuildPhase section */
		307C9FB5265BCBDC00CB111A /* Resources */ = {
			isa = PBXResourcesBuildPhase;
			buildActionMask = 2147483647;
			files = (
				307C9FC7265BCBDD00CB111A /* LaunchScreen.storyboard in Resources */,
				3062A1762664490B00D13B1E /* SampleLaunches_PopulatedRockets_v4.json in Resources */,
				307C9FC4265BCBDD00CB111A /* Assets.xcassets in Resources */,
				3062A1772664492500D13B1E /* TestCompanyInfo_v4.json in Resources */,
				3062A16B2664475000D13B1E /* Localizable.strings in Resources */,
			);
			runOnlyForDeploymentPostprocessing = 0;
		};
		307C9FCB265BCBDD00CB111A /* Resources */ = {
			isa = PBXResourcesBuildPhase;
			buildActionMask = 2147483647;
			files = (
				307CA001265BD07900CB111A /* TestPatches_v4.json in Resources */,
				307CA003265BD07900CB111A /* TestLaunches_PopulatedRockets_v4.json in Resources */,
				307CA000265BD07900CB111A /* TestLinks_v4.json in Resources */,
				307CA004265BD07900CB111A /* TestCompanyInfo_v4.json in Resources */,
				307CA002265BD07900CB111A /* TestRockets_v4.json in Resources */,
				307CA005265BD07900CB111A /* TestLaunches_PopulatedRockets_v4_long.json in Resources */,
			);
			runOnlyForDeploymentPostprocessing = 0;
		};
		307C9FD6265BCBDD00CB111A /* Resources */ = {
			isa = PBXResourcesBuildPhase;
			buildActionMask = 2147483647;
			files = (
			);
			runOnlyForDeploymentPostprocessing = 0;
		};
/* End PBXResourcesBuildPhase section */

/* Begin PBXSourcesBuildPhase section */
		307C9FB3265BCBDC00CB111A /* Sources */ = {
			isa = PBXSourcesBuildPhase;
			buildActionMask = 2147483647;
			files = (
				3062A18226644B0900D13B1E /* ListItem.swift in Sources */,
				3062A17A26644A2A00D13B1E /* MainViewController+ViewModel.swift in Sources */,
				3062A171266448B100D13B1E /* JSONLoader.swift in Sources */,
				3062A18526644CBA00D13B1E /* CompanyCell.swift in Sources */,
				3062A173266448DA00D13B1E /* JSONLoader+App.swift in Sources */,
				3062A1682664468D00D13B1E /* Localize.swift in Sources */,
				307C9FBF265BCBDC00CB111A /* MainViewController.swift in Sources */,
				3062A18026644AED00D13B1E /* ListSection.swift in Sources */,
				307C9FF4265BCED900CB111A /* Links.swift in Sources */,
				307C9FF6265BCEEC00CB111A /* Patch.swift in Sources */,
				307C9FBB265BCBDC00CB111A /* AppDelegate.swift in Sources */,
				307C9FBD265BCBDC00CB111A /* SceneDelegate.swift in Sources */,
				3062A18A26644D2100D13B1E /* UIView+Constrainable.swift in Sources */,
				3062A17D26644A9100D13B1E /* ListViewModelType.swift in Sources */,
				3062A192266452A100D13B1E /* RuntimeService.swift in Sources */,
				3062A18C26644D6100D13B1E /* UILabel+Localization.swift in Sources */,
				307C9FF1265BCEB400CB111A /* Launch.swift in Sources */,
				307C9FEF265BCE9E00CB111A /* Company.swift in Sources */,
				3062A18726644CE900D13B1E /* LaunchCell.swift in Sources */,
				3062A18E26644E1F00D13B1E /* UITableView+Dequeue.swift in Sources */,
				307C9FF8265BCEFE00CB111A /* Rocket.swift in Sources */,
			);
			runOnlyForDeploymentPostprocessing = 0;
		};
		307C9FC9265BCBDD00CB111A /* Sources */ = {
			isa = PBXSourcesBuildPhase;
			buildActionMask = 2147483647;
			files = (
				307CA008265BD0E100CB111A /* JSONLoader.swift in Sources */,
				307C9FD2265BCBDD00CB111A /* SpaceX_TrackerTests.swift in Sources */,
				307CA00A265BD12400CB111A /* JSONLoader+TestData.swift in Sources */,
				307CA013265BD24C00CB111A /* LaunchTests.swift in Sources */,
				307CA011265BD20C00CB111A /* LinksTests.swift in Sources */,
				307CA00F265BD1B800CB111A /* PatchTests.swift in Sources */,
				307CA00D265BD17E00CB111A /* RocketTests.swift in Sources */,
				307CA015265BD29D00CB111A /* CompanyTests.swift in Sources */,
			);
			runOnlyForDeploymentPostprocessing = 0;
		};
		307C9FD4265BCBDD00CB111A /* Sources */ = {
			isa = PBXSourcesBuildPhase;
			buildActionMask = 2147483647;
			files = (
				3062A194266455E600D13B1E /* BaseUITestCase.swift in Sources */,
				307C9FDD265BCBDD00CB111A /* MainViewControllerTests.swift in Sources */,
			);
			runOnlyForDeploymentPostprocessing = 0;
		};
/* End PBXSourcesBuildPhase section */

/* Begin PBXTargetDependency section */
		307C9FCF265BCBDD00CB111A /* PBXTargetDependency */ = {
			isa = PBXTargetDependency;
			target = 307C9FB6265BCBDC00CB111A /* SpaceX_Tracker */;
			targetProxy = 307C9FCE265BCBDD00CB111A /* PBXContainerItemProxy */;
		};
		307C9FDA265BCBDD00CB111A /* PBXTargetDependency */ = {
			isa = PBXTargetDependency;
			target = 307C9FB6265BCBDC00CB111A /* SpaceX_Tracker */;
			targetProxy = 307C9FD9265BCBDD00CB111A /* PBXContainerItemProxy */;
		};
/* End PBXTargetDependency section */

/* Begin PBXVariantGroup section */
		3062A16D2664475000D13B1E /* Localizable.strings */ = {
			isa = PBXVariantGroup;
			children = (
				3062A18F26644E8900D13B1E /* en */,
				3062A1902664505D00D13B1E /* en-GB */,
			);
			name = Localizable.strings;
			sourceTree = "<group>";
		};
		307C9FC5265BCBDD00CB111A /* LaunchScreen.storyboard */ = {
			isa = PBXVariantGroup;
			children = (
				3062A1702664480B00D13B1E /* en-GB */,
			);
			name = LaunchScreen.storyboard;
			sourceTree = "<group>";
		};
/* End PBXVariantGroup section */

/* Begin XCBuildConfiguration section */
		307C9FDF265BCBDD00CB111A /* Debug */ = {
			isa = XCBuildConfiguration;
			buildSettings = {
				ALWAYS_SEARCH_USER_PATHS = NO;
				CLANG_ANALYZER_LOCALIZABILITY_NONLOCALIZED = YES;
				CLANG_ANALYZER_NONNULL = YES;
				CLANG_ANALYZER_NUMBER_OBJECT_CONVERSION = YES_AGGRESSIVE;
				CLANG_CXX_LANGUAGE_STANDARD = "gnu++14";
				CLANG_CXX_LIBRARY = "libc++";
				CLANG_ENABLE_MODULES = YES;
				CLANG_ENABLE_OBJC_ARC = YES;
				CLANG_ENABLE_OBJC_WEAK = YES;
				CLANG_WARN_BLOCK_CAPTURE_AUTORELEASING = YES;
				CLANG_WARN_BOOL_CONVERSION = YES;
				CLANG_WARN_COMMA = YES;
				CLANG_WARN_CONSTANT_CONVERSION = YES;
				CLANG_WARN_DEPRECATED_OBJC_IMPLEMENTATIONS = YES;
				CLANG_WARN_DIRECT_OBJC_ISA_USAGE = YES_ERROR;
				CLANG_WARN_DOCUMENTATION_COMMENTS = YES;
				CLANG_WARN_EMPTY_BODY = YES;
				CLANG_WARN_ENUM_CONVERSION = YES;
				CLANG_WARN_INFINITE_RECURSION = YES;
				CLANG_WARN_INT_CONVERSION = YES;
				CLANG_WARN_NON_LITERAL_NULL_CONVERSION = YES;
				CLANG_WARN_OBJC_IMPLICIT_RETAIN_SELF = YES;
				CLANG_WARN_OBJC_LITERAL_CONVERSION = YES;
				CLANG_WARN_OBJC_ROOT_CLASS = YES_ERROR;
				CLANG_WARN_QUOTED_INCLUDE_IN_FRAMEWORK_HEADER = YES;
				CLANG_WARN_RANGE_LOOP_ANALYSIS = YES;
				CLANG_WARN_STRICT_PROTOTYPES = YES;
				CLANG_WARN_SUSPICIOUS_MOVE = YES;
				CLANG_WARN_UNGUARDED_AVAILABILITY = YES_AGGRESSIVE;
				CLANG_WARN_UNREACHABLE_CODE = YES;
				CLANG_WARN__DUPLICATE_METHOD_MATCH = YES;
				COPY_PHASE_STRIP = NO;
				DEBUG_INFORMATION_FORMAT = dwarf;
				ENABLE_STRICT_OBJC_MSGSEND = YES;
				ENABLE_TESTABILITY = YES;
				GCC_C_LANGUAGE_STANDARD = gnu11;
				GCC_DYNAMIC_NO_PIC = NO;
				GCC_NO_COMMON_BLOCKS = YES;
				GCC_OPTIMIZATION_LEVEL = 0;
				GCC_PREPROCESSOR_DEFINITIONS = (
					"DEBUG=1",
					"$(inherited)",
				);
				GCC_WARN_64_TO_32_BIT_CONVERSION = YES;
				GCC_WARN_ABOUT_RETURN_TYPE = YES_ERROR;
				GCC_WARN_UNDECLARED_SELECTOR = YES;
				GCC_WARN_UNINITIALIZED_AUTOS = YES_AGGRESSIVE;
				GCC_WARN_UNUSED_FUNCTION = YES;
				GCC_WARN_UNUSED_VARIABLE = YES;
				IPHONEOS_DEPLOYMENT_TARGET = 14.5;
				MTL_ENABLE_DEBUG_INFO = INCLUDE_SOURCE;
				MTL_FAST_MATH = YES;
				ONLY_ACTIVE_ARCH = YES;
				SDKROOT = iphoneos;
				SWIFT_ACTIVE_COMPILATION_CONDITIONS = DEBUG;
				SWIFT_OPTIMIZATION_LEVEL = "-Onone";
			};
			name = Debug;
		};
		307C9FE0265BCBDD00CB111A /* Release */ = {
			isa = XCBuildConfiguration;
			buildSettings = {
				ALWAYS_SEARCH_USER_PATHS = NO;
				CLANG_ANALYZER_LOCALIZABILITY_NONLOCALIZED = YES;
				CLANG_ANALYZER_NONNULL = YES;
				CLANG_ANALYZER_NUMBER_OBJECT_CONVERSION = YES_AGGRESSIVE;
				CLANG_CXX_LANGUAGE_STANDARD = "gnu++14";
				CLANG_CXX_LIBRARY = "libc++";
				CLANG_ENABLE_MODULES = YES;
				CLANG_ENABLE_OBJC_ARC = YES;
				CLANG_ENABLE_OBJC_WEAK = YES;
				CLANG_WARN_BLOCK_CAPTURE_AUTORELEASING = YES;
				CLANG_WARN_BOOL_CONVERSION = YES;
				CLANG_WARN_COMMA = YES;
				CLANG_WARN_CONSTANT_CONVERSION = YES;
				CLANG_WARN_DEPRECATED_OBJC_IMPLEMENTATIONS = YES;
				CLANG_WARN_DIRECT_OBJC_ISA_USAGE = YES_ERROR;
				CLANG_WARN_DOCUMENTATION_COMMENTS = YES;
				CLANG_WARN_EMPTY_BODY = YES;
				CLANG_WARN_ENUM_CONVERSION = YES;
				CLANG_WARN_INFINITE_RECURSION = YES;
				CLANG_WARN_INT_CONVERSION = YES;
				CLANG_WARN_NON_LITERAL_NULL_CONVERSION = YES;
				CLANG_WARN_OBJC_IMPLICIT_RETAIN_SELF = YES;
				CLANG_WARN_OBJC_LITERAL_CONVERSION = YES;
				CLANG_WARN_OBJC_ROOT_CLASS = YES_ERROR;
				CLANG_WARN_QUOTED_INCLUDE_IN_FRAMEWORK_HEADER = YES;
				CLANG_WARN_RANGE_LOOP_ANALYSIS = YES;
				CLANG_WARN_STRICT_PROTOTYPES = YES;
				CLANG_WARN_SUSPICIOUS_MOVE = YES;
				CLANG_WARN_UNGUARDED_AVAILABILITY = YES_AGGRESSIVE;
				CLANG_WARN_UNREACHABLE_CODE = YES;
				CLANG_WARN__DUPLICATE_METHOD_MATCH = YES;
				COPY_PHASE_STRIP = NO;
				DEBUG_INFORMATION_FORMAT = "dwarf-with-dsym";
				ENABLE_NS_ASSERTIONS = NO;
				ENABLE_STRICT_OBJC_MSGSEND = YES;
				GCC_C_LANGUAGE_STANDARD = gnu11;
				GCC_NO_COMMON_BLOCKS = YES;
				GCC_WARN_64_TO_32_BIT_CONVERSION = YES;
				GCC_WARN_ABOUT_RETURN_TYPE = YES_ERROR;
				GCC_WARN_UNDECLARED_SELECTOR = YES;
				GCC_WARN_UNINITIALIZED_AUTOS = YES_AGGRESSIVE;
				GCC_WARN_UNUSED_FUNCTION = YES;
				GCC_WARN_UNUSED_VARIABLE = YES;
				IPHONEOS_DEPLOYMENT_TARGET = 14.5;
				MTL_ENABLE_DEBUG_INFO = NO;
				MTL_FAST_MATH = YES;
				SDKROOT = iphoneos;
				SWIFT_COMPILATION_MODE = wholemodule;
				SWIFT_OPTIMIZATION_LEVEL = "-O";
				VALIDATE_PRODUCT = YES;
			};
			name = Release;
		};
		307C9FE2265BCBDD00CB111A /* Debug */ = {
			isa = XCBuildConfiguration;
			buildSettings = {
				ASSETCATALOG_COMPILER_APPICON_NAME = AppIcon;
				ASSETCATALOG_COMPILER_GLOBAL_ACCENT_COLOR_NAME = AccentColor;
				CODE_SIGN_STYLE = Automatic;
				INFOPLIST_FILE = "SpaceX_Tracker/Support Files/Info.plist";
				LD_RUNPATH_SEARCH_PATHS = (
					"$(inherited)",
					"@executable_path/Frameworks",
				);
				PRODUCT_BUNDLE_IDENTIFIER = "otaviokz.SpaceX-Tracker";
				PRODUCT_NAME = "$(TARGET_NAME)";
				SWIFT_VERSION = 5.0;
				TARGETED_DEVICE_FAMILY = "1,2";
			};
			name = Debug;
		};
		307C9FE3265BCBDD00CB111A /* Release */ = {
			isa = XCBuildConfiguration;
			buildSettings = {
				ASSETCATALOG_COMPILER_APPICON_NAME = AppIcon;
				ASSETCATALOG_COMPILER_GLOBAL_ACCENT_COLOR_NAME = AccentColor;
				CODE_SIGN_STYLE = Automatic;
				INFOPLIST_FILE = "SpaceX_Tracker/Support Files/Info.plist";
				LD_RUNPATH_SEARCH_PATHS = (
					"$(inherited)",
					"@executable_path/Frameworks",
				);
				PRODUCT_BUNDLE_IDENTIFIER = "otaviokz.SpaceX-Tracker";
				PRODUCT_NAME = "$(TARGET_NAME)";
				SWIFT_VERSION = 5.0;
				TARGETED_DEVICE_FAMILY = "1,2";
			};
			name = Release;
		};
		307C9FE5265BCBDD00CB111A /* Debug */ = {
			isa = XCBuildConfiguration;
			buildSettings = {
				ALWAYS_EMBED_SWIFT_STANDARD_LIBRARIES = YES;
				BUNDLE_LOADER = "$(TEST_HOST)";
				CODE_SIGN_STYLE = Automatic;
				INFOPLIST_FILE = SpaceX_TrackerTests/Info.plist;
				IPHONEOS_DEPLOYMENT_TARGET = 14.5;
				LD_RUNPATH_SEARCH_PATHS = (
					"$(inherited)",
					"@executable_path/Frameworks",
					"@loader_path/Frameworks",
				);
				PRODUCT_BUNDLE_IDENTIFIER = "otaviokz.SpaceX-TrackerTests";
				PRODUCT_NAME = "$(TARGET_NAME)";
				SWIFT_VERSION = 5.0;
				TARGETED_DEVICE_FAMILY = "1,2";
				TEST_HOST = "$(BUILT_PRODUCTS_DIR)/SpaceX_Tracker.app/SpaceX_Tracker";
			};
			name = Debug;
		};
		307C9FE6265BCBDD00CB111A /* Release */ = {
			isa = XCBuildConfiguration;
			buildSettings = {
				ALWAYS_EMBED_SWIFT_STANDARD_LIBRARIES = YES;
				BUNDLE_LOADER = "$(TEST_HOST)";
				CODE_SIGN_STYLE = Automatic;
				INFOPLIST_FILE = SpaceX_TrackerTests/Info.plist;
				IPHONEOS_DEPLOYMENT_TARGET = 14.5;
				LD_RUNPATH_SEARCH_PATHS = (
					"$(inherited)",
					"@executable_path/Frameworks",
					"@loader_path/Frameworks",
				);
				PRODUCT_BUNDLE_IDENTIFIER = "otaviokz.SpaceX-TrackerTests";
				PRODUCT_NAME = "$(TARGET_NAME)";
				SWIFT_VERSION = 5.0;
				TARGETED_DEVICE_FAMILY = "1,2";
				TEST_HOST = "$(BUILT_PRODUCTS_DIR)/SpaceX_Tracker.app/SpaceX_Tracker";
			};
			name = Release;
		};
		307C9FE8265BCBDD00CB111A /* Debug */ = {
			isa = XCBuildConfiguration;
			buildSettings = {
				ALWAYS_EMBED_SWIFT_STANDARD_LIBRARIES = YES;
				CODE_SIGN_STYLE = Automatic;
				INFOPLIST_FILE = SpaceX_TrackerUITests/Info.plist;
				LD_RUNPATH_SEARCH_PATHS = (
					"$(inherited)",
					"@executable_path/Frameworks",
					"@loader_path/Frameworks",
				);
				PRODUCT_BUNDLE_IDENTIFIER = "otaviokz.SpaceX-TrackerUITests";
				PRODUCT_NAME = "$(TARGET_NAME)";
				SWIFT_VERSION = 5.0;
				TARGETED_DEVICE_FAMILY = "1,2";
				TEST_TARGET_NAME = SpaceX_Tracker;
			};
			name = Debug;
		};
		307C9FE9265BCBDD00CB111A /* Release */ = {
			isa = XCBuildConfiguration;
			buildSettings = {
				ALWAYS_EMBED_SWIFT_STANDARD_LIBRARIES = YES;
				CODE_SIGN_STYLE = Automatic;
				INFOPLIST_FILE = SpaceX_TrackerUITests/Info.plist;
				LD_RUNPATH_SEARCH_PATHS = (
					"$(inherited)",
					"@executable_path/Frameworks",
					"@loader_path/Frameworks",
				);
				PRODUCT_BUNDLE_IDENTIFIER = "otaviokz.SpaceX-TrackerUITests";
				PRODUCT_NAME = "$(TARGET_NAME)";
				SWIFT_VERSION = 5.0;
				TARGETED_DEVICE_FAMILY = "1,2";
				TEST_TARGET_NAME = SpaceX_Tracker;
			};
			name = Release;
		};
/* End XCBuildConfiguration section */

/* Begin XCConfigurationList section */
		307C9FB2265BCBDC00CB111A /* Build configuration list for PBXProject "SpaceX_Tracker" */ = {
			isa = XCConfigurationList;
			buildConfigurations = (
				307C9FDF265BCBDD00CB111A /* Debug */,
				307C9FE0265BCBDD00CB111A /* Release */,
			);
			defaultConfigurationIsVisible = 0;
			defaultConfigurationName = Release;
		};
		307C9FE1265BCBDD00CB111A /* Build configuration list for PBXNativeTarget "SpaceX_Tracker" */ = {
			isa = XCConfigurationList;
			buildConfigurations = (
				307C9FE2265BCBDD00CB111A /* Debug */,
				307C9FE3265BCBDD00CB111A /* Release */,
			);
			defaultConfigurationIsVisible = 0;
			defaultConfigurationName = Release;
		};
		307C9FE4265BCBDD00CB111A /* Build configuration list for PBXNativeTarget "SpaceX_TrackerTests" */ = {
			isa = XCConfigurationList;
			buildConfigurations = (
				307C9FE5265BCBDD00CB111A /* Debug */,
				307C9FE6265BCBDD00CB111A /* Release */,
			);
			defaultConfigurationIsVisible = 0;
			defaultConfigurationName = Release;
		};
		307C9FE7265BCBDD00CB111A /* Build configuration list for PBXNativeTarget "SpaceX_TrackerUITests" */ = {
			isa = XCConfigurationList;
			buildConfigurations = (
				307C9FE8265BCBDD00CB111A /* Debug */,
				307C9FE9265BCBDD00CB111A /* Release */,
			);
			defaultConfigurationIsVisible = 0;
			defaultConfigurationName = Release;
		};
/* End XCConfigurationList section */
	};
	rootObject = 307C9FAF265BCBDC00CB111A /* Project object */;
}
